
Microsoft Visual Studio Solution File, Format Version 12.00
# Visual Studio 2017
Project("{FAE04EC0-301F-11D3-BF4B-00C04F79EFBC}") = "Nova's Story", "Nova's Story.csproj", "{30FFE5BE-F3B0-215C-5B42-D559FB582737}"
EndProject
Project("{FAE04EC0-301F-11D3-BF4B-00C04F79EFBC}") = "Nova's Story.Editor", "Nova's Story.Editor.csproj", "{BA0C26E1-A58C-635B-4227-530F7FE2E463}"
EndProject
Global
	GlobalSection(SolutionConfigurationPlatforms) = preSolution
		Debug|Any CPU = Debug|Any CPU
		Release|Any CPU = Release|Any CPU
	EndGlobalSection
	GlobalSection(ProjectConfigurationPlatforms) = postSolution
		{30FFE5BE-F3B0-215C-5B42-D559FB582737}.Debug|Any CPU.ActiveCfg = Debug|Any CPU
		{30FFE5BE-F3B0-215C-5B42-D559FB582737}.Debug|Any CPU.Build.0 = Debug|Any CPU
		{30FFE5BE-F3B0-215C-5B42-D559FB582737}.Release|Any CPU.ActiveCfg = Release|Any CPU
		{30FFE5BE-F3B0-215C-5B42-D559FB582737}.Release|Any CPU.Build.0 = Release|Any CPU
		{BA0C26E1-A58C-635B-4227-530F7FE2E463}.Debug|Any CPU.ActiveCfg = Debug|Any CPU
		{BA0C26E1-A58C-635B-4227-530F7FE2E463}.Debug|Any CPU.Build.0 = Debug|Any CPU
		{BA0C26E1-A58C-635B-4227-530F7FE2E463}.Release|Any CPU.ActiveCfg = Release|Any CPU
		{BA0C26E1-A58C-635B-4227-530F7FE2E463}.Release|Any CPU.Build.0 = Release|Any CPU
	EndGlobalSection
	GlobalSection(SolutionProperties) = preSolution
		HideSolutionNode = FALSE
	EndGlobalSection
EndGlobal
